// !$*UTF8*$!
{
	archiveVersion = 1;
	classes = {
	};
	objectVersion = 56;
	objects = {

/* Begin PBXBuildFile section */
		5B21ABFA2D5B733800EED9F4 /* FavoriteViewController.swift in Sources */ = {isa = PBXBuildFile; fileRef = 5B21ABF92D5B733800EED9F4 /* FavoriteViewController.swift */; };
		5B21ABFC2D5B734100EED9F4 /* SettingsViewController.swift in Sources */ = {isa = PBXBuildFile; fileRef = 5B21ABFB2D5B733E00EED9F4 /* SettingsViewController.swift */; };
		5B7068652D62E02E004EEFC2 /* Userdefaults.swift in Sources */ = {isa = PBXBuildFile; fileRef = 5B7068642D62E024004EEFC2 /* Userdefaults.swift */; };
		5BBF2D532D42A9040033E31E /* AppDelegate.swift in Sources */ = {isa = PBXBuildFile; fileRef = 5BBF2D522D42A9040033E31E /* AppDelegate.swift */; };
		5BBF2D552D42A9040033E31E /* SceneDelegate.swift in Sources */ = {isa = PBXBuildFile; fileRef = 5BBF2D542D42A9040033E31E /* SceneDelegate.swift */; };
		5BBF2D572D42A9040033E31E /* MovieListViewController.swift in Sources */ = {isa = PBXBuildFile; fileRef = 5BBF2D562D42A9040033E31E /* MovieListViewController.swift */; };
		5BBF2D5C2D42A9070033E31E /* Assets.xcassets in Resources */ = {isa = PBXBuildFile; fileRef = 5BBF2D5B2D42A9070033E31E /* Assets.xcassets */; };
		5BBF2D5F2D42A9070033E31E /* LaunchScreen.storyboard in Resources */ = {isa = PBXBuildFile; fileRef = 5BBF2D5D2D42A9070033E31E /* LaunchScreen.storyboard */; };
		5BBF2D672D42AA140033E31E /* Movie.swift in Sources */ = {isa = PBXBuildFile; fileRef = 5BBF2D662D42AA140033E31E /* Movie.swift */; };
		5BBF2D6D2D42AB200033E31E /* MovieViewModel.swift in Sources */ = {isa = PBXBuildFile; fileRef = 5BBF2D6C2D42AB200033E31E /* MovieViewModel.swift */; };
		5BBF2D722D42AC760033E31E /* MovieCollectionViewCell.swift in Sources */ = {isa = PBXBuildFile; fileRef = 5BBF2D712D42AC760033E31E /* MovieCollectionViewCell.swift */; };
		7964F7301C030EEAC088D89D /* Pods_ProjectMoviesApp.framework in Frameworks */ = {isa = PBXBuildFile; fileRef = 03538BD80330837BD52F8E4A /* Pods_ProjectMoviesApp.framework */; };
/* End PBXBuildFile section */

/* Begin PBXFileReference section */
		03538BD80330837BD52F8E4A /* Pods_ProjectMoviesApp.framework */ = {isa = PBXFileReference; explicitFileType = wrapper.framework; includeInIndex = 0; path = Pods_ProjectMoviesApp.framework; sourceTree = BUILT_PRODUCTS_DIR; };
		5B21ABF92D5B733800EED9F4 /* FavoriteViewController.swift */ = {isa = PBXFileReference; lastKnownFileType = sourcecode.swift; path = FavoriteViewController.swift; sourceTree = "<group>"; };
		5B21ABFB2D5B733E00EED9F4 /* SettingsViewController.swift */ = {isa = PBXFileReference; lastKnownFileType = sourcecode.swift; path = SettingsViewController.swift; sourceTree = "<group>"; };
		5B7068642D62E024004EEFC2 /* Userdefaults.swift */ = {isa = PBXFileReference; lastKnownFileType = sourcecode.swift; path = Userdefaults.swift; sourceTree = "<group>"; };
		5BBF2D4F2D42A9040033E31E /* ProjectMoviesApp.app */ = {isa = PBXFileReference; explicitFileType = wrapper.application; includeInIndex = 0; path = ProjectMoviesApp.app; sourceTree = BUILT_PRODUCTS_DIR; };
		5BBF2D522D42A9040033E31E /* AppDelegate.swift */ = {isa = PBXFileReference; lastKnownFileType = sourcecode.swift; path = AppDelegate.swift; sourceTree = "<group>"; };
		5BBF2D542D42A9040033E31E /* SceneDelegate.swift */ = {isa = PBXFileReference; lastKnownFileType = sourcecode.swift; path = SceneDelegate.swift; sourceTree = "<group>"; };
		5BBF2D562D42A9040033E31E /* MovieListViewController.swift */ = {isa = PBXFileReference; lastKnownFileType = sourcecode.swift; path = MovieListViewController.swift; sourceTree = "<group>"; };
		5BBF2D5B2D42A9070033E31E /* Assets.xcassets */ = {isa = PBXFileReference; lastKnownFileType = folder.assetcatalog; path = Assets.xcassets; sourceTree = "<group>"; };
		5BBF2D5E2D42A9070033E31E /* Base */ = {isa = PBXFileReference; lastKnownFileType = file.storyboard; name = Base; path = Base.lproj/LaunchScreen.storyboard; sourceTree = "<group>"; };
		5BBF2D602D42A9070033E31E /* Info.plist */ = {isa = PBXFileReference; lastKnownFileType = text.plist.xml; path = Info.plist; sourceTree = "<group>"; };
		5BBF2D662D42AA140033E31E /* Movie.swift */ = {isa = PBXFileReference; lastKnownFileType = sourcecode.swift; path = Movie.swift; sourceTree = "<group>"; };
		5BBF2D6C2D42AB200033E31E /* MovieViewModel.swift */ = {isa = PBXFileReference; lastKnownFileType = sourcecode.swift; path = MovieViewModel.swift; sourceTree = "<group>"; };
		5BBF2D712D42AC760033E31E /* MovieCollectionViewCell.swift */ = {isa = PBXFileReference; lastKnownFileType = sourcecode.swift; path = MovieCollectionViewCell.swift; sourceTree = "<group>"; };
		82AAC89F30FAA19CDEE3B485 /* Pods-ProjectMoviesApp.release.xcconfig */ = {isa = PBXFileReference; includeInIndex = 1; lastKnownFileType = text.xcconfig; name = "Pods-ProjectMoviesApp.release.xcconfig"; path = "Target Support Files/Pods-ProjectMoviesApp/Pods-ProjectMoviesApp.release.xcconfig"; sourceTree = "<group>"; };
		C711B2E79E997C5159655BE5 /* Pods-ProjectMoviesApp.debug.xcconfig */ = {isa = PBXFileReference; includeInIndex = 1; lastKnownFileType = text.xcconfig; name = "Pods-ProjectMoviesApp.debug.xcconfig"; path = "Target Support Files/Pods-ProjectMoviesApp/Pods-ProjectMoviesApp.debug.xcconfig"; sourceTree = "<group>"; };
/* End PBXFileReference section */

/* Begin PBXFrameworksBuildPhase section */
		5BBF2D4C2D42A9040033E31E /* Frameworks */ = {
			isa = PBXFrameworksBuildPhase;
			buildActionMask = 2147483647;
			files = (
				7964F7301C030EEAC088D89D /* Pods_ProjectMoviesApp.framework in Frameworks */,
			);
			runOnlyForDeploymentPostprocessing = 0;
		};
/* End PBXFrameworksBuildPhase section */

/* Begin PBXGroup section */
		5B6DB3912D4EEA0D008AACFA /* Resource */ = {
			isa = PBXGroup;
			children = (
				5BBF2D522D42A9040033E31E /* AppDelegate.swift */,
				5BBF2D542D42A9040033E31E /* SceneDelegate.swift */,
			);
			path = Resource;
			sourceTree = "<group>";
		};
		5B7068632D62E017004EEFC2 /* Extension */ = {
			isa = PBXGroup;
			children = (
				5B7068642D62E024004EEFC2 /* Userdefaults.swift */,
			);
			path = Extension;
			sourceTree = "<group>";
		};
		5BBF2D462D42A9040033E31E = {
			isa = PBXGroup;
			children = (
				5BBF2D512D42A9040033E31E /* ProjectMoviesApp */,
				5BBF2D502D42A9040033E31E /* Products */,
				EBFA98B3C5E8884602B134AD /* Pods */,
				B896E457061E5FFC051CEB2C /* Frameworks */,
			);
			sourceTree = "<group>";
		};
		5BBF2D502D42A9040033E31E /* Products */ = {
			isa = PBXGroup;
			children = (
				5BBF2D4F2D42A9040033E31E /* ProjectMoviesApp.app */,
			);
			name = Products;
			sourceTree = "<group>";
		};
		5BBF2D512D42A9040033E31E /* ProjectMoviesApp */ = {
			isa = PBXGroup;
			children = (
				5B7068632D62E017004EEFC2 /* Extension */,
				5B6DB3912D4EEA0D008AACFA /* Resource */,
				5BBF2D6B2D42AA6A0033E31E /* View */,
				5BBF2D6A2D42AA630033E31E /* ViewModel */,
				5BBF2D682D42AA240033E31E /* Model */,
				5BBF2D5B2D42A9070033E31E /* Assets.xcassets */,
				5BBF2D5D2D42A9070033E31E /* LaunchScreen.storyboard */,
				5BBF2D602D42A9070033E31E /* Info.plist */,
			);
			path = ProjectMoviesApp;
			sourceTree = "<group>";
		};
		5BBF2D682D42AA240033E31E /* Model */ = {
			isa = PBXGroup;
			children = (
				5BBF2D662D42AA140033E31E /* Movie.swift */,
			);
			path = Model;
			sourceTree = "<group>";
		};
		5BBF2D6A2D42AA630033E31E /* ViewModel */ = {
			isa = PBXGroup;
			children = (
				5BBF2D6C2D42AB200033E31E /* MovieViewModel.swift */,
			);
			path = ViewModel;
			sourceTree = "<group>";
		};
		5BBF2D6B2D42AA6A0033E31E /* View */ = {
			isa = PBXGroup;
			children = (
				5BBF2D702D42AC240033E31E /* CollectionViewCell */,
				5B21ABFB2D5B733E00EED9F4 /* SettingsViewController.swift */,
				5BBF2D562D42A9040033E31E /* MovieListViewController.swift */,
				5B21ABF92D5B733800EED9F4 /* FavoriteViewController.swift */,
			);
			path = View;
			sourceTree = "<group>";
		};
		5BBF2D702D42AC240033E31E /* CollectionViewCell */ = {
			isa = PBXGroup;
			children = (
				5BBF2D712D42AC760033E31E /* MovieCollectionViewCell.swift */,
			);
			path = CollectionViewCell;
			sourceTree = "<group>";
		};
		B896E457061E5FFC051CEB2C /* Frameworks */ = {
			isa = PBXGroup;
			children = (
				03538BD80330837BD52F8E4A /* Pods_ProjectMoviesApp.framework */,
			);
			name = Frameworks;
			sourceTree = "<group>";
		};
		EBFA98B3C5E8884602B134AD /* Pods */ = {
			isa = PBXGroup;
			children = (
				C711B2E79E997C5159655BE5 /* Pods-ProjectMoviesApp.debug.xcconfig */,
				82AAC89F30FAA19CDEE3B485 /* Pods-ProjectMoviesApp.release.xcconfig */,
			);
			path = Pods;
			sourceTree = "<group>";
		};
/* End PBXGroup section */

/* Begin PBXNativeTarget section */
		5BBF2D4E2D42A9040033E31E /* ProjectMoviesApp */ = {
			isa = PBXNativeTarget;
			buildConfigurationList = 5BBF2D632D42A9070033E31E /* Build configuration list for PBXNativeTarget "ProjectMoviesApp" */;
			buildPhases = (
				BE58BA7423088238738BBC1C /* [CP] Check Pods Manifest.lock */,
				5BBF2D4B2D42A9040033E31E /* Sources */,
				5BBF2D4C2D42A9040033E31E /* Frameworks */,
				5BBF2D4D2D42A9040033E31E /* Resources */,
				069186A88191EDF425A30719 /* [CP] Embed Pods Frameworks */,
			);
			buildRules = (
			);
			dependencies = (
			);
			name = ProjectMoviesApp;
			productName = ProjectMoviesApp;
			productReference = 5BBF2D4F2D42A9040033E31E /* ProjectMoviesApp.app */;
			productType = "com.apple.product-type.application";
		};
/* End PBXNativeTarget section */

/* Begin PBXProject section */
		5BBF2D472D42A9040033E31E /* Project object */ = {
			isa = PBXProject;
			attributes = {
				BuildIndependentTargetsInParallel = 1;
				LastSwiftUpdateCheck = 1420;
				LastUpgradeCheck = 1420;
				TargetAttributes = {
					5BBF2D4E2D42A9040033E31E = {
						CreatedOnToolsVersion = 14.2;
					};
				};
			};
			buildConfigurationList = 5BBF2D4A2D42A9040033E31E /* Build configuration list for PBXProject "ProjectMoviesApp" */;
			compatibilityVersion = "Xcode 14.0";
			developmentRegion = en;
			hasScannedForEncodings = 0;
			knownRegions = (
				en,
				Base,
			);
			mainGroup = 5BBF2D462D42A9040033E31E;
			productRefGroup = 5BBF2D502D42A9040033E31E /* Products */;
			projectDirPath = "";
			projectRoot = "";
			targets = (
				5BBF2D4E2D42A9040033E31E /* ProjectMoviesApp */,
			);
		};
/* End PBXProject section */

/* Begin PBXResourcesBuildPhase section */
		5BBF2D4D2D42A9040033E31E /* Resources */ = {
			isa = PBXResourcesBuildPhase;
			buildActionMask = 2147483647;
			files = (
				5BBF2D5F2D42A9070033E31E /* LaunchScreen.storyboard in Resources */,
				5BBF2D5C2D42A9070033E31E /* Assets.xcassets in Resources */,
			);
			runOnlyForDeploymentPostprocessing = 0;
		};
/* End PBXResourcesBuildPhase section */

/* Begin PBXShellScriptBuildPhase section */
		069186A88191EDF425A30719 /* [CP] Embed Pods Frameworks */ = {
			isa = PBXShellScriptBuildPhase;
			buildActionMask = 2147483647;
			files = (
			);
			inputFileListPaths = (
				"${PODS_ROOT}/Target Support Files/Pods-ProjectMoviesApp/Pods-ProjectMoviesApp-frameworks-${CONFIGURATION}-input-files.xcfilelist",
			);
			name = "[CP] Embed Pods Frameworks";
			outputFileListPaths = (
				"${PODS_ROOT}/Target Support Files/Pods-ProjectMoviesApp/Pods-ProjectMoviesApp-frameworks-${CONFIGURATION}-output-files.xcfilelist",
			);
			runOnlyForDeploymentPostprocessing = 0;
			shellPath = /bin/sh;
			shellScript = "\"${PODS_ROOT}/Target Support Files/Pods-ProjectMoviesApp/Pods-ProjectMoviesApp-frameworks.sh\"\n";
			showEnvVarsInLog = 0;
		};
		BE58BA7423088238738BBC1C /* [CP] Check Pods Manifest.lock */ = {
			isa = PBXShellScriptBuildPhase;
			buildActionMask = 2147483647;
			files = (
			);
			inputFileListPaths = (
			);
			inputPaths = (
				"${PODS_PODFILE_DIR_PATH}/Podfile.lock",
				"${PODS_ROOT}/Manifest.lock",
			);
			name = "[CP] Check Pods Manifest.lock";
			outputFileListPaths = (
			);
			outputPaths = (
				"$(DERIVED_FILE_DIR)/Pods-ProjectMoviesApp-checkManifestLockResult.txt",
			);
			runOnlyForDeploymentPostprocessing = 0;
			shellPath = /bin/sh;
			shellScript = "diff \"${PODS_PODFILE_DIR_PATH}/Podfile.lock\" \"${PODS_ROOT}/Manifest.lock\" > /dev/null\nif [ $? != 0 ] ; then\n    # print error to STDERR\n    echo \"error: The sandbox is not in sync with the Podfile.lock. Run 'pod install' or update your CocoaPods installation.\" >&2\n    exit 1\nfi\n# This output is used by Xcode 'outputs' to avoid re-running this script phase.\necho \"SUCCESS\" > \"${SCRIPT_OUTPUT_FILE_0}\"\n";
			showEnvVarsInLog = 0;
		};
/* End PBXShellScriptBuildPhase section */

/* Begin PBXSourcesBuildPhase section */
		5BBF2D4B2D42A9040033E31E /* Sources */ = {
			isa = PBXSourcesBuildPhase;
			buildActionMask = 2147483647;
			files = (
				5BBF2D572D42A9040033E31E /* MovieListViewController.swift in Sources */,
				5BBF2D6D2D42AB200033E31E /* MovieViewModel.swift in Sources */,
				5B21ABFC2D5B734100EED9F4 /* SettingsViewController.swift in Sources */,
				5BBF2D532D42A9040033E31E /* AppDelegate.swift in Sources */,
				5B21ABFA2D5B733800EED9F4 /* FavoriteViewController.swift in Sources */,
				5B7068652D62E02E004EEFC2 /* Userdefaults.swift in Sources */,
				5BBF2D672D42AA140033E31E /* Movie.swift in Sources */,
				5BBF2D722D42AC760033E31E /* MovieCollectionViewCell.swift in Sources */,
				5BBF2D552D42A9040033E31E /* SceneDelegate.swift in Sources */,
			);
			runOnlyForDeploymentPostprocessing = 0;
		};
/* End PBXSourcesBuildPhase section */

/* Begin PBXVariantGroup section */
		5BBF2D5D2D42A9070033E31E /* LaunchScreen.storyboard */ = {
			isa = PBXVariantGroup;
			children = (
				5BBF2D5E2D42A9070033E31E /* Base */,
			);
			name = LaunchScreen.storyboard;
			sourceTree = "<group>";
		};
/* End PBXVariantGroup section */

/* Begin XCBuildConfiguration section */
		5BBF2D612D42A9070033E31E /* Debug */ = {
			isa = XCBuildConfiguration;
			buildSettings = {
				ALWAYS_SEARCH_USER_PATHS = NO;
				CLANG_ANALYZER_NONNULL = YES;
				CLANG_ANALYZER_NUMBER_OBJECT_CONVERSION = YES_AGGRESSIVE;
				CLANG_CXX_LANGUAGE_STANDARD = "gnu++20";
				CLANG_ENABLE_MODULES = YES;
				CLANG_ENABLE_OBJC_ARC = YES;
				CLANG_ENABLE_OBJC_WEAK = YES;
				CLANG_WARN_BLOCK_CAPTURE_AUTORELEASING = YES;
				CLANG_WARN_BOOL_CONVERSION = YES;
				CLANG_WARN_COMMA = YES;
				CLANG_WARN_CONSTANT_CONVERSION = YES;
				CLANG_WARN_DEPRECATED_OBJC_IMPLEMENTATIONS = YES;
				CLANG_WARN_DIRECT_OBJC_ISA_USAGE = YES_ERROR;
				CLANG_WARN_DOCUMENTATION_COMMENTS = YES;
				CLANG_WARN_EMPTY_BODY = YES;
				CLANG_WARN_ENUM_CONVERSION = YES;
				CLANG_WARN_INFINITE_RECURSION = YES;
				CLANG_WARN_INT_CONVERSION = YES;
				CLANG_WARN_NON_LITERAL_NULL_CONVERSION = YES;
				CLANG_WARN_OBJC_IMPLICIT_RETAIN_SELF = YES;
				CLANG_WARN_OBJC_LITERAL_CONVERSION = YES;
				CLANG_WARN_OBJC_ROOT_CLASS = YES_ERROR;
				CLANG_WARN_QUOTED_INCLUDE_IN_FRAMEWORK_HEADER = YES;
				CLANG_WARN_RANGE_LOOP_ANALYSIS = YES;
				CLANG_WARN_STRICT_PROTOTYPES = YES;
				CLANG_WARN_SUSPICIOUS_MOVE = YES;
				CLANG_WARN_UNGUARDED_AVAILABILITY = YES_AGGRESSIVE;
				CLANG_WARN_UNREACHABLE_CODE = YES;
				CLANG_WARN__DUPLICATE_METHOD_MATCH = YES;
				COPY_PHASE_STRIP = NO;
				DEBUG_INFORMATION_FORMAT = dwarf;
				ENABLE_STRICT_OBJC_MSGSEND = YES;
				ENABLE_TESTABILITY = YES;
				GCC_C_LANGUAGE_STANDARD = gnu11;
				GCC_DYNAMIC_NO_PIC = NO;
				GCC_NO_COMMON_BLOCKS = YES;
				GCC_OPTIMIZATION_LEVEL = 0;
				GCC_PREPROCESSOR_DEFINITIONS = (
					"DEBUG=1",
					"$(inherited)",
				);
				GCC_WARN_64_TO_32_BIT_CONVERSION = YES;
				GCC_WARN_ABOUT_RETURN_TYPE = YES_ERROR;
				GCC_WARN_UNDECLARED_SELECTOR = YES;
				GCC_WARN_UNINITIALIZED_AUTOS = YES_AGGRESSIVE;
				GCC_WARN_UNUSED_FUNCTION = YES;
				GCC_WARN_UNUSED_VARIABLE = YES;
				IPHONEOS_DEPLOYMENT_TARGET = 16.2;
				MTL_ENABLE_DEBUG_INFO = INCLUDE_SOURCE;
				MTL_FAST_MATH = YES;
				ONLY_ACTIVE_ARCH = YES;
				SDKROOT = iphoneos;
				SWIFT_ACTIVE_COMPILATION_CONDITIONS = DEBUG;
				SWIFT_OPTIMIZATION_LEVEL = "-Onone";
			};
			name = Debug;
		};
		5BBF2D622D42A9070033E31E /* Release */ = {
			isa = XCBuildConfiguration;
			buildSettings = {
				ALWAYS_SEARCH_USER_PATHS = NO;
				CLANG_ANALYZER_NONNULL = YES;
				CLANG_ANALYZER_NUMBER_OBJECT_CONVERSION = YES_AGGRESSIVE;
				CLANG_CXX_LANGUAGE_STANDARD = "gnu++20";
				CLANG_ENABLE_MODULES = YES;
				CLANG_ENABLE_OBJC_ARC = YES;
				CLANG_ENABLE_OBJC_WEAK = YES;
				CLANG_WARN_BLOCK_CAPTURE_AUTORELEASING = YES;
				CLANG_WARN_BOOL_CONVERSION = YES;
				CLANG_WARN_COMMA = YES;
				CLANG_WARN_CONSTANT_CONVERSION = YES;
				CLANG_WARN_DEPRECATED_OBJC_IMPLEMENTATIONS = YES;
				CLANG_WARN_DIRECT_OBJC_ISA_USAGE = YES_ERROR;
				CLANG_WARN_DOCUMENTATION_COMMENTS = YES;
				CLANG_WARN_EMPTY_BODY = YES;
				CLANG_WARN_ENUM_CONVERSION = YES;
				CLANG_WARN_INFINITE_RECURSION = YES;
				CLANG_WARN_INT_CONVERSION = YES;
				CLANG_WARN_NON_LITERAL_NULL_CONVERSION = YES;
				CLANG_WARN_OBJC_IMPLICIT_RETAIN_SELF = YES;
				CLANG_WARN_OBJC_LITERAL_CONVERSION = YES;
				CLANG_WARN_OBJC_ROOT_CLASS = YES_ERROR;
				CLANG_WARN_QUOTED_INCLUDE_IN_FRAMEWORK_HEADER = YES;
				CLANG_WARN_RANGE_LOOP_ANALYSIS = YES;
				CLANG_WARN_STRICT_PROTOTYPES = YES;
				CLANG_WARN_SUSPICIOUS_MOVE = YES;
				CLANG_WARN_UNGUARDED_AVAILABILITY = YES_AGGRESSIVE;
				CLANG_WARN_UNREACHABLE_CODE = YES;
				CLANG_WARN__DUPLICATE_METHOD_MATCH = YES;
				COPY_PHASE_STRIP = NO;
				DEBUG_INFORMATION_FORMAT = "dwarf-with-dsym";
				ENABLE_NS_ASSERTIONS = NO;
				ENABLE_STRICT_OBJC_MSGSEND = YES;
				GCC_C_LANGUAGE_STANDARD = gnu11;
				GCC_NO_COMMON_BLOCKS = YES;
				GCC_WARN_64_TO_32_BIT_CONVERSION = YES;
				GCC_WARN_ABOUT_RETURN_TYPE = YES_ERROR;
				GCC_WARN_UNDECLARED_SELECTOR = YES;
				GCC_WARN_UNINITIALIZED_AUTOS = YES_AGGRESSIVE;
				GCC_WARN_UNUSED_FUNCTION = YES;
				GCC_WARN_UNUSED_VARIABLE = YES;
				IPHONEOS_DEPLOYMENT_TARGET = 16.2;
				MTL_ENABLE_DEBUG_INFO = NO;
				MTL_FAST_MATH = YES;
				SDKROOT = iphoneos;
				SWIFT_COMPILATION_MODE = wholemodule;
				SWIFT_OPTIMIZATION_LEVEL = "-O";
				VALIDATE_PRODUCT = YES;
			};
			name = Release;
		};
		5BBF2D642D42A9070033E31E /* Debug */ = {
			isa = XCBuildConfiguration;
			baseConfigurationReference = C711B2E79E997C5159655BE5 /* Pods-ProjectMoviesApp.debug.xcconfig */;
			buildSettings = {
				ASSETCATALOG_COMPILER_APPICON_NAME = AppIcon;
				ASSETCATALOG_COMPILER_GLOBAL_ACCENT_COLOR_NAME = AccentColor;
				CODE_SIGN_STYLE = Automatic;
				CURRENT_PROJECT_VERSION = 1;
				DEVELOPMENT_TEAM = RUTLL58S2M;
				GENERATE_INFOPLIST_FILE = YES;
				INFOPLIST_FILE = ProjectMoviesApp/Info.plist;
				INFOPLIST_KEY_UIApplicationSupportsIndirectInputEvents = YES;
				INFOPLIST_KEY_UILaunchStoryboardName = LaunchScreen;
				INFOPLIST_KEY_UISupportedInterfaceOrientations = UIInterfaceOrientationPortrait;
				INFOPLIST_KEY_UISupportedInterfaceOrientations_iPad = "UIInterfaceOrientationLandscapeLeft UIInterfaceOrientationLandscapeRight UIInterfaceOrientationPortrait UIInterfaceOrientationPortraitUpsideDown";
				LD_RUNPATH_SEARCH_PATHS = (
					"$(inherited)",
					"@executable_path/Frameworks",
				);
				MARKETING_VERSION = 1.0;
				PRODUCT_BUNDLE_IDENTIFIER = DeveloperTeam.ProjectMoviesApp;
				PRODUCT_NAME = "$(TARGET_NAME)";
				SUPPORTED_PLATFORMS = "iphoneos iphonesimulator";
				SUPPORTS_MACCATALYST = NO;
				SUPPORTS_MAC_DESIGNED_FOR_IPHONE_IPAD = NO;
				SWIFT_EMIT_LOC_STRINGS = YES;
				SWIFT_VERSION = 5.0;
				TARGETED_DEVICE_FAMILY = 1;
			};
			name = Debug;
		};
		5BBF2D652D42A9070033E31E /* Release */ = {
			isa = XCBuildConfiguration;
			baseConfigurationReference = 82AAC89F30FAA19CDEE3B485 /* Pods-ProjectMoviesApp.release.xcconfig */;
			buildSettings = {
				ASSETCATALOG_COMPILER_APPICON_NAME = AppIcon;
				ASSETCATALOG_COMPILER_GLOBAL_ACCENT_COLOR_NAME = AccentColor;
				CODE_SIGN_STYLE = Automatic;
				CURRENT_PROJECT_VERSION = 1;
				DEVELOPMENT_TEAM = RUTLL58S2M;
				GENERATE_INFOPLIST_FILE = YES;
				INFOPLIST_FILE = ProjectMoviesApp/Info.plist;
				INFOPLIST_KEY_UIApplicationSupportsIndirectInputEvents = YES;
				INFOPLIST_KEY_UILaunchStoryboardName = LaunchScreen;
				INFOPLIST_KEY_UISupportedInterfaceOrientations = UIInterfaceOrientationPortrait;
				INFOPLIST_KEY_UISupportedInterfaceOrientations_iPad = "UIInterfaceOrientationLandscapeLeft UIInterfaceOrientationLandscapeRight UIInterfaceOrientationPortrait UIInterfaceOrientationPortraitUpsideDown";
				LD_RUNPATH_SEARCH_PATHS = (
					"$(inherited)",
					"@executable_path/Frameworks",
				);
				MARKETING_VERSION = 1.0;
				PRODUCT_BUNDLE_IDENTIFIER = DeveloperTeam.ProjectMoviesApp;
				PRODUCT_NAME = "$(TARGET_NAME)";
				SUPPORTED_PLATFORMS = "iphoneos iphonesimulator";
				SUPPORTS_MACCATALYST = NO;
				SUPPORTS_MAC_DESIGNED_FOR_IPHONE_IPAD = NO;
				SWIFT_EMIT_LOC_STRINGS = YES;
				SWIFT_VERSION = 5.0;
				TARGETED_DEVICE_FAMILY = 1;
			};
			name = Release;
		};
/* End XCBuildConfiguration section */

/* Begin XCConfigurationList section */
		5BBF2D4A2D42A9040033E31E /* Build configuration list for PBXProject "ProjectMoviesApp" */ = {
			isa = XCConfigurationList;
			buildConfigurations = (
				5BBF2D612D42A9070033E31E /* Debug */,
				5BBF2D622D42A9070033E31E /* Release */,
			);
			defaultConfigurationIsVisible = 0;
			defaultConfigurationName = Release;
		};
		5BBF2D632D42A9070033E31E /* Build configuration list for PBXNativeTarget "ProjectMoviesApp" */ = {
			isa = XCConfigurationList;
			buildConfigurations = (
				5BBF2D642D42A9070033E31E /* Debug */,
				5BBF2D652D42A9070033E31E /* Release */,
			);
			defaultConfigurationIsVisible = 0;
			defaultConfigurationName = Release;
		};
/* End XCConfigurationList section */
	};
	rootObject = 5BBF2D472D42A9040033E31E /* Project object */;
}
